
Microsoft Visual Studio Solution File, Format Version 12.00
# Visual Studio Version 17
VisualStudioVersion = 17.14.36408.4 d17.14
MinimumVisualStudioVersion = 10.0.40219.1
Project("{FAE04EC0-301F-11D3-BF4B-00C04F79EFBC}") = "AnimeApi", "AnimeApi\AnimeApi.csproj", "{B572EF93-A10D-436D-93CE-D80FE5E84D3D}"
EndProject
Global
	GlobalSection(SolutionConfigurationPlatforms) = preSolution
		Debug|Any CPU = Debug|Any CPU
		Release|Any CPU = Release|Any CPU
	EndGlobalSection
	GlobalSection(ProjectConfigurationPlatforms) = postSolution
		{B572EF93-A10D-436D-93CE-D80FE5E84D3D}.Debug|Any CPU.ActiveCfg = Debug|Any CPU
		{B572EF93-A10D-436D-93CE-D80FE5E84D3D}.Debug|Any CPU.Build.0 = Debug|Any CPU
		{B572EF93-A10D-436D-93CE-D80FE5E84D3D}.Release|Any CPU.ActiveCfg = Release|Any CPU
		{B572EF93-A10D-436D-93CE-D80FE5E84D3D}.Release|Any CPU.Build.0 = Release|Any CPU
	EndGlobalSection
	GlobalSection(SolutionProperties) = preSolution
		HideSolutionNode = FALSE
	EndGlobalSection
	GlobalSection(ExtensibilityGlobals) = postSolution
		SolutionGuid = {44BDAEDE-2B7B-4254-8CA7-A544374581CF}
	EndGlobalSection
EndGlobal
